
Microsoft Visual Studio Solution File, Format Version 12.00
# Visual Studio 2012
Project("{FAE04EC0-301F-11D3-BF4B-00C04F79EFBC}") = "QuiddlerLibrary", "QuiddlerLibrary\QuiddlerLibrary.csproj", "{24AAFDE2-D620-47F4-AA4A-5B77A5846841}"
EndProject
Project("{FAE04EC0-301F-11D3-BF4B-00C04F79EFBC}") = "QuiddlerClient", "QuiddlerClient\QuiddlerClient.csproj", "{914E4E46-979E-41F3-8204-D65A781AFA5A}"
EndProject
Project("{FAE04EC0-301F-11D3-BF4B-00C04F79EFBC}") = "QuiddlerServer", "QuiddlerServer\QuiddlerServer.csproj", "{ABAB4ED0-7BF2-4FA0-ABA8-4EBFC00F2E1C}"
EndProject
Global
	GlobalSection(SolutionConfigurationPlatforms) = preSolution
		Debug|Any CPU = Debug|Any CPU
		Release|Any CPU = Release|Any CPU
	EndGlobalSection
	GlobalSection(ProjectConfigurationPlatforms) = postSolution
		{24AAFDE2-D620-47F4-AA4A-5B77A5846841}.Debug|Any CPU.ActiveCfg = Debug|Any CPU
		{24AAFDE2-D620-47F4-AA4A-5B77A5846841}.Debug|Any CPU.Build.0 = Debug|Any CPU
		{24AAFDE2-D620-47F4-AA4A-5B77A5846841}.Release|Any CPU.ActiveCfg = Release|Any CPU
		{24AAFDE2-D620-47F4-AA4A-5B77A5846841}.Release|Any CPU.Build.0 = Release|Any CPU
		{914E4E46-979E-41F3-8204-D65A781AFA5A}.Debug|Any CPU.ActiveCfg = Debug|Any CPU
		{914E4E46-979E-41F3-8204-D65A781AFA5A}.Debug|Any CPU.Build.0 = Debug|Any CPU
		{914E4E46-979E-41F3-8204-D65A781AFA5A}.Release|Any CPU.ActiveCfg = Release|Any CPU
		{914E4E46-979E-41F3-8204-D65A781AFA5A}.Release|Any CPU.Build.0 = Release|Any CPU
		{ABAB4ED0-7BF2-4FA0-ABA8-4EBFC00F2E1C}.Debug|Any CPU.ActiveCfg = Debug|Any CPU
		{ABAB4ED0-7BF2-4FA0-ABA8-4EBFC00F2E1C}.Debug|Any CPU.Build.0 = Debug|Any CPU
		{ABAB4ED0-7BF2-4FA0-ABA8-4EBFC00F2E1C}.Release|Any CPU.ActiveCfg = Release|Any CPU
		{ABAB4ED0-7BF2-4FA0-ABA8-4EBFC00F2E1C}.Release|Any CPU.Build.0 = Release|Any CPU
	EndGlobalSection
	GlobalSection(SolutionProperties) = preSolution
		HideSolutionNode = FALSE
	EndGlobalSection
EndGlobal
